lockfileVersion: '6.0'

settings:
  autoInstallPeers: true
  excludeLinksFromLockfile: false

dependencies:
  '@itaysso/dependabot-test.my-component':
    specifier: ^0.0.4
    version: 0.0.4

packages:

  /@itaysso/dependabot-test.my-component@0.0.4:
    resolution: {integrity: sha512-N3vx7rUzwJ09kFm7LEcCIXLZFCCDB0x7sELPM5KCpic+/ystNZ1Ud6bJ496m3MnTJzve+KIz9XoD6i6hgIdPhw==}
    dev: false
