lockfileVersion: '6.0'

settings:
  autoInstallPeers: true
  excludeLinksFromLockfile: false

dependencies:
  '@itaysso/dependabot-test.my-component':
    specifier: ^0.0.2
    version: 0.0.2

packages:

  /@itaysso/dependabot-test.my-component@0.0.2:
    resolution: {integrity: sha512-izXeXiGBdRj3mU18jXZQd4u1D4XG6mqlEVUVBR+sIQbfqTlMpnpLIOyzccoSV8D2xwS6EmgS3KcdkEEVw+2Hug==}
    dev: false
